
Microsoft Visual Studio Solution File, Format Version 12.00
# Visual Studio 2012
Project("{FAE04EC0-301F-11D3-BF4B-00C04F79EFBC}") = "Snippets", "Snippets\Snippets.csproj", "{05AE3D27-6024-4B39-8112-A013589E5A50}"
EndProject
Project("{FAE04EC0-301F-11D3-BF4B-00C04F79EFBC}") = "Codeforces.VSHelper", "Codeforces.VSHelper\Codeforces.VSHelper.csproj", "{68E2C7D6-2DB3-458E-8A9A-0E98EC000BFE}"
EndProject
Project("{FAE04EC0-301F-11D3-BF4B-00C04F79EFBC}") = "Codeforces", "Codeforces\Codeforces.csproj", "{2C05A18A-8120-4E76-8CE8-A14FA77F5558}"
EndProject
Project("{FAE04EC0-301F-11D3-BF4B-00C04F79EFBC}") = "CodeforcesAddin", "CodeforcesAddin\CodeforcesAddin.csproj", "{E1FB2C96-0820-473B-B9BA-5A48CE1072C4}"
EndProject
Global
	GlobalSection(SolutionConfigurationPlatforms) = preSolution
		Debug|Any CPU = Debug|Any CPU
		Debug|Mixed Platforms = Debug|Mixed Platforms
		Debug|x86 = Debug|x86
		Release|Any CPU = Release|Any CPU
		Release|Mixed Platforms = Release|Mixed Platforms
		Release|x86 = Release|x86
	EndGlobalSection
	GlobalSection(ProjectConfigurationPlatforms) = postSolution
		{05AE3D27-6024-4B39-8112-A013589E5A50}.Debug|Any CPU.ActiveCfg = Debug|x86
		{05AE3D27-6024-4B39-8112-A013589E5A50}.Debug|Mixed Platforms.ActiveCfg = Debug|x86
		{05AE3D27-6024-4B39-8112-A013589E5A50}.Debug|Mixed Platforms.Build.0 = Debug|x86
		{05AE3D27-6024-4B39-8112-A013589E5A50}.Debug|x86.ActiveCfg = Debug|x86
		{05AE3D27-6024-4B39-8112-A013589E5A50}.Debug|x86.Build.0 = Debug|x86
		{05AE3D27-6024-4B39-8112-A013589E5A50}.Release|Any CPU.ActiveCfg = Release|x86
		{05AE3D27-6024-4B39-8112-A013589E5A50}.Release|Mixed Platforms.ActiveCfg = Release|x86
		{05AE3D27-6024-4B39-8112-A013589E5A50}.Release|Mixed Platforms.Build.0 = Release|x86
		{05AE3D27-6024-4B39-8112-A013589E5A50}.Release|x86.ActiveCfg = Release|x86
		{05AE3D27-6024-4B39-8112-A013589E5A50}.Release|x86.Build.0 = Release|x86
		{68E2C7D6-2DB3-458E-8A9A-0E98EC000BFE}.Debug|Any CPU.ActiveCfg = Debug|Any CPU
		{68E2C7D6-2DB3-458E-8A9A-0E98EC000BFE}.Debug|Any CPU.Build.0 = Debug|Any CPU
		{68E2C7D6-2DB3-458E-8A9A-0E98EC000BFE}.Debug|Mixed Platforms.ActiveCfg = Debug|Any CPU
		{68E2C7D6-2DB3-458E-8A9A-0E98EC000BFE}.Debug|Mixed Platforms.Build.0 = Debug|Any CPU
		{68E2C7D6-2DB3-458E-8A9A-0E98EC000BFE}.Debug|x86.ActiveCfg = Debug|Any CPU
		{68E2C7D6-2DB3-458E-8A9A-0E98EC000BFE}.Release|Any CPU.ActiveCfg = Release|Any CPU
		{68E2C7D6-2DB3-458E-8A9A-0E98EC000BFE}.Release|Any CPU.Build.0 = Release|Any CPU
		{68E2C7D6-2DB3-458E-8A9A-0E98EC000BFE}.Release|Mixed Platforms.ActiveCfg = Release|Any CPU
		{68E2C7D6-2DB3-458E-8A9A-0E98EC000BFE}.Release|Mixed Platforms.Build.0 = Release|Any CPU
		{68E2C7D6-2DB3-458E-8A9A-0E98EC000BFE}.Release|x86.ActiveCfg = Release|Any CPU
		{2C05A18A-8120-4E76-8CE8-A14FA77F5558}.Debug|Any CPU.ActiveCfg = Debug|x86
		{2C05A18A-8120-4E76-8CE8-A14FA77F5558}.Debug|Mixed Platforms.ActiveCfg = Debug|x86
		{2C05A18A-8120-4E76-8CE8-A14FA77F5558}.Debug|Mixed Platforms.Build.0 = Debug|x86
		{2C05A18A-8120-4E76-8CE8-A14FA77F5558}.Debug|x86.ActiveCfg = Debug|x86
		{2C05A18A-8120-4E76-8CE8-A14FA77F5558}.Debug|x86.Build.0 = Debug|x86
		{2C05A18A-8120-4E76-8CE8-A14FA77F5558}.Release|Any CPU.ActiveCfg = Release|x86
		{2C05A18A-8120-4E76-8CE8-A14FA77F5558}.Release|Mixed Platforms.ActiveCfg = Release|x86
		{2C05A18A-8120-4E76-8CE8-A14FA77F5558}.Release|Mixed Platforms.Build.0 = Release|x86
		{2C05A18A-8120-4E76-8CE8-A14FA77F5558}.Release|x86.ActiveCfg = Release|x86
		{2C05A18A-8120-4E76-8CE8-A14FA77F5558}.Release|x86.Build.0 = Release|x86
		{E1FB2C96-0820-473B-B9BA-5A48CE1072C4}.Debug|Any CPU.ActiveCfg = Debug|Any CPU
		{E1FB2C96-0820-473B-B9BA-5A48CE1072C4}.Debug|Any CPU.Build.0 = Debug|Any CPU
		{E1FB2C96-0820-473B-B9BA-5A48CE1072C4}.Debug|Mixed Platforms.ActiveCfg = Debug|Any CPU
		{E1FB2C96-0820-473B-B9BA-5A48CE1072C4}.Debug|Mixed Platforms.Build.0 = Debug|Any CPU
		{E1FB2C96-0820-473B-B9BA-5A48CE1072C4}.Debug|x86.ActiveCfg = Debug|Any CPU
		{E1FB2C96-0820-473B-B9BA-5A48CE1072C4}.Release|Any CPU.ActiveCfg = Release|Any CPU
		{E1FB2C96-0820-473B-B9BA-5A48CE1072C4}.Release|Any CPU.Build.0 = Release|Any CPU
		{E1FB2C96-0820-473B-B9BA-5A48CE1072C4}.Release|Mixed Platforms.ActiveCfg = Release|Any CPU
		{E1FB2C96-0820-473B-B9BA-5A48CE1072C4}.Release|Mixed Platforms.Build.0 = Release|Any CPU
		{E1FB2C96-0820-473B-B9BA-5A48CE1072C4}.Release|x86.ActiveCfg = Release|Any CPU
	EndGlobalSection
	GlobalSection(SolutionProperties) = preSolution
		HideSolutionNode = FALSE
	EndGlobalSection
EndGlobal
