
Microsoft Visual Studio Solution File, Format Version 12.00
# Visual Studio 2010
Project("{FAE04EC0-301F-11D3-BF4B-00C04F79EFBC}") = "Codeforces", "Codeforces\Codeforces.csproj", "{14A65160-E99A-4E04-973B-A3255CDF9054}"
EndProject
Project("{FAE04EC0-301F-11D3-BF4B-00C04F79EFBC}") = "181.2", "181.2\181.2.csproj", "{177F3299-CC5E-4CB6-9E3D-3EA53916304E}"
EndProject
Project("{FAE04EC0-301F-11D3-BF4B-00C04F79EFBC}") = "Snippets", "Snippets\Snippets.csproj", "{05AE3D27-6024-4B39-8112-A013589E5A50}"
EndProject
Global
	GlobalSection(SolutionConfigurationPlatforms) = preSolution
		Debug|Any CPU = Debug|Any CPU
		Debug|Mixed Platforms = Debug|Mixed Platforms
		Debug|x86 = Debug|x86
		Release|Any CPU = Release|Any CPU
		Release|Mixed Platforms = Release|Mixed Platforms
		Release|x86 = Release|x86
		task1|Any CPU = task1|Any CPU
		task1|Mixed Platforms = task1|Mixed Platforms
		task1|x86 = task1|x86
		task2|Any CPU = task2|Any CPU
		task2|Mixed Platforms = task2|Mixed Platforms
		task2|x86 = task2|x86
		task3|Any CPU = task3|Any CPU
		task3|Mixed Platforms = task3|Mixed Platforms
		task3|x86 = task3|x86
		task4|Any CPU = task4|Any CPU
		task4|Mixed Platforms = task4|Mixed Platforms
		task4|x86 = task4|x86
		task5|Any CPU = task5|Any CPU
		task5|Mixed Platforms = task5|Mixed Platforms
		task5|x86 = task5|x86
	EndGlobalSection
	GlobalSection(ProjectConfigurationPlatforms) = postSolution
		{14A65160-E99A-4E04-973B-A3255CDF9054}.Debug|Any CPU.ActiveCfg = Debug|Any CPU
		{14A65160-E99A-4E04-973B-A3255CDF9054}.Debug|Any CPU.Build.0 = Debug|Any CPU
		{14A65160-E99A-4E04-973B-A3255CDF9054}.Debug|Mixed Platforms.ActiveCfg = Debug|Any CPU
		{14A65160-E99A-4E04-973B-A3255CDF9054}.Debug|Mixed Platforms.Build.0 = Debug|Any CPU
		{14A65160-E99A-4E04-973B-A3255CDF9054}.Debug|x86.ActiveCfg = Debug|Any CPU
		{14A65160-E99A-4E04-973B-A3255CDF9054}.Release|Any CPU.ActiveCfg = Release|Any CPU
		{14A65160-E99A-4E04-973B-A3255CDF9054}.Release|Any CPU.Build.0 = Release|Any CPU
		{14A65160-E99A-4E04-973B-A3255CDF9054}.Release|Mixed Platforms.ActiveCfg = Release|Any CPU
		{14A65160-E99A-4E04-973B-A3255CDF9054}.Release|Mixed Platforms.Build.0 = Release|Any CPU
		{14A65160-E99A-4E04-973B-A3255CDF9054}.Release|x86.ActiveCfg = Release|Any CPU
		{14A65160-E99A-4E04-973B-A3255CDF9054}.task1|Any CPU.ActiveCfg = task1|Any CPU
		{14A65160-E99A-4E04-973B-A3255CDF9054}.task1|Any CPU.Build.0 = task1|Any CPU
		{14A65160-E99A-4E04-973B-A3255CDF9054}.task1|Mixed Platforms.ActiveCfg = task1|Any CPU
		{14A65160-E99A-4E04-973B-A3255CDF9054}.task1|Mixed Platforms.Build.0 = task1|Any CPU
		{14A65160-E99A-4E04-973B-A3255CDF9054}.task1|x86.ActiveCfg = task1|Any CPU
		{14A65160-E99A-4E04-973B-A3255CDF9054}.task2|Any CPU.ActiveCfg = task2|Any CPU
		{14A65160-E99A-4E04-973B-A3255CDF9054}.task2|Any CPU.Build.0 = task2|Any CPU
		{14A65160-E99A-4E04-973B-A3255CDF9054}.task2|Mixed Platforms.ActiveCfg = task2|Any CPU
		{14A65160-E99A-4E04-973B-A3255CDF9054}.task2|Mixed Platforms.Build.0 = task2|Any CPU
		{14A65160-E99A-4E04-973B-A3255CDF9054}.task2|x86.ActiveCfg = task2|Any CPU
		{14A65160-E99A-4E04-973B-A3255CDF9054}.task3|Any CPU.ActiveCfg = task3|Any CPU
		{14A65160-E99A-4E04-973B-A3255CDF9054}.task3|Any CPU.Build.0 = task3|Any CPU
		{14A65160-E99A-4E04-973B-A3255CDF9054}.task3|Mixed Platforms.ActiveCfg = task3|Any CPU
		{14A65160-E99A-4E04-973B-A3255CDF9054}.task3|Mixed Platforms.Build.0 = task3|Any CPU
		{14A65160-E99A-4E04-973B-A3255CDF9054}.task3|x86.ActiveCfg = task3|Any CPU
		{14A65160-E99A-4E04-973B-A3255CDF9054}.task4|Any CPU.ActiveCfg = task4|Any CPU
		{14A65160-E99A-4E04-973B-A3255CDF9054}.task4|Any CPU.Build.0 = task4|Any CPU
		{14A65160-E99A-4E04-973B-A3255CDF9054}.task4|Mixed Platforms.ActiveCfg = task4|Any CPU
		{14A65160-E99A-4E04-973B-A3255CDF9054}.task4|Mixed Platforms.Build.0 = task4|Any CPU
		{14A65160-E99A-4E04-973B-A3255CDF9054}.task4|x86.ActiveCfg = task4|Any CPU
		{14A65160-E99A-4E04-973B-A3255CDF9054}.task5|Any CPU.ActiveCfg = task5|Any CPU
		{14A65160-E99A-4E04-973B-A3255CDF9054}.task5|Any CPU.Build.0 = task5|Any CPU
		{14A65160-E99A-4E04-973B-A3255CDF9054}.task5|Mixed Platforms.ActiveCfg = task5|Any CPU
		{14A65160-E99A-4E04-973B-A3255CDF9054}.task5|Mixed Platforms.Build.0 = task5|Any CPU
		{14A65160-E99A-4E04-973B-A3255CDF9054}.task5|x86.ActiveCfg = task5|Any CPU
		{177F3299-CC5E-4CB6-9E3D-3EA53916304E}.Debug|Any CPU.ActiveCfg = Debug|x86
		{177F3299-CC5E-4CB6-9E3D-3EA53916304E}.Debug|Mixed Platforms.ActiveCfg = Debug|x86
		{177F3299-CC5E-4CB6-9E3D-3EA53916304E}.Debug|Mixed Platforms.Build.0 = Debug|x86
		{177F3299-CC5E-4CB6-9E3D-3EA53916304E}.Debug|x86.ActiveCfg = Debug|x86
		{177F3299-CC5E-4CB6-9E3D-3EA53916304E}.Debug|x86.Build.0 = Debug|x86
		{177F3299-CC5E-4CB6-9E3D-3EA53916304E}.Release|Any CPU.ActiveCfg = Release|x86
		{177F3299-CC5E-4CB6-9E3D-3EA53916304E}.Release|Mixed Platforms.ActiveCfg = Release|x86
		{177F3299-CC5E-4CB6-9E3D-3EA53916304E}.Release|Mixed Platforms.Build.0 = Release|x86
		{177F3299-CC5E-4CB6-9E3D-3EA53916304E}.Release|x86.ActiveCfg = Release|x86
		{177F3299-CC5E-4CB6-9E3D-3EA53916304E}.Release|x86.Build.0 = Release|x86
		{177F3299-CC5E-4CB6-9E3D-3EA53916304E}.task1|Any CPU.ActiveCfg = Release|x86
		{177F3299-CC5E-4CB6-9E3D-3EA53916304E}.task1|Mixed Platforms.ActiveCfg = Release|x86
		{177F3299-CC5E-4CB6-9E3D-3EA53916304E}.task1|Mixed Platforms.Build.0 = Release|x86
		{177F3299-CC5E-4CB6-9E3D-3EA53916304E}.task1|x86.ActiveCfg = Release|x86
		{177F3299-CC5E-4CB6-9E3D-3EA53916304E}.task1|x86.Build.0 = Release|x86
		{177F3299-CC5E-4CB6-9E3D-3EA53916304E}.task2|Any CPU.ActiveCfg = Release|x86
		{177F3299-CC5E-4CB6-9E3D-3EA53916304E}.task2|Mixed Platforms.ActiveCfg = Release|x86
		{177F3299-CC5E-4CB6-9E3D-3EA53916304E}.task2|Mixed Platforms.Build.0 = Release|x86
		{177F3299-CC5E-4CB6-9E3D-3EA53916304E}.task2|x86.ActiveCfg = Release|x86
		{177F3299-CC5E-4CB6-9E3D-3EA53916304E}.task2|x86.Build.0 = Release|x86
		{177F3299-CC5E-4CB6-9E3D-3EA53916304E}.task3|Any CPU.ActiveCfg = Release|x86
		{177F3299-CC5E-4CB6-9E3D-3EA53916304E}.task3|Mixed Platforms.ActiveCfg = Release|x86
		{177F3299-CC5E-4CB6-9E3D-3EA53916304E}.task3|Mixed Platforms.Build.0 = Release|x86
		{177F3299-CC5E-4CB6-9E3D-3EA53916304E}.task3|x86.ActiveCfg = Release|x86
		{177F3299-CC5E-4CB6-9E3D-3EA53916304E}.task3|x86.Build.0 = Release|x86
		{177F3299-CC5E-4CB6-9E3D-3EA53916304E}.task4|Any CPU.ActiveCfg = Release|x86
		{177F3299-CC5E-4CB6-9E3D-3EA53916304E}.task4|Mixed Platforms.ActiveCfg = Release|x86
		{177F3299-CC5E-4CB6-9E3D-3EA53916304E}.task4|Mixed Platforms.Build.0 = Release|x86
		{177F3299-CC5E-4CB6-9E3D-3EA53916304E}.task4|x86.ActiveCfg = Release|x86
		{177F3299-CC5E-4CB6-9E3D-3EA53916304E}.task4|x86.Build.0 = Release|x86
		{177F3299-CC5E-4CB6-9E3D-3EA53916304E}.task5|Any CPU.ActiveCfg = Release|x86
		{177F3299-CC5E-4CB6-9E3D-3EA53916304E}.task5|Mixed Platforms.ActiveCfg = Release|x86
		{177F3299-CC5E-4CB6-9E3D-3EA53916304E}.task5|Mixed Platforms.Build.0 = Release|x86
		{177F3299-CC5E-4CB6-9E3D-3EA53916304E}.task5|x86.ActiveCfg = Release|x86
		{177F3299-CC5E-4CB6-9E3D-3EA53916304E}.task5|x86.Build.0 = Release|x86
		{05AE3D27-6024-4B39-8112-A013589E5A50}.Debug|Any CPU.ActiveCfg = Debug|x86
		{05AE3D27-6024-4B39-8112-A013589E5A50}.Debug|Mixed Platforms.ActiveCfg = Debug|x86
		{05AE3D27-6024-4B39-8112-A013589E5A50}.Debug|Mixed Platforms.Build.0 = Debug|x86
		{05AE3D27-6024-4B39-8112-A013589E5A50}.Debug|x86.ActiveCfg = Debug|x86
		{05AE3D27-6024-4B39-8112-A013589E5A50}.Debug|x86.Build.0 = Debug|x86
		{05AE3D27-6024-4B39-8112-A013589E5A50}.Release|Any CPU.ActiveCfg = Release|x86
		{05AE3D27-6024-4B39-8112-A013589E5A50}.Release|Mixed Platforms.ActiveCfg = Release|x86
		{05AE3D27-6024-4B39-8112-A013589E5A50}.Release|Mixed Platforms.Build.0 = Release|x86
		{05AE3D27-6024-4B39-8112-A013589E5A50}.Release|x86.ActiveCfg = Release|x86
		{05AE3D27-6024-4B39-8112-A013589E5A50}.Release|x86.Build.0 = Release|x86
		{05AE3D27-6024-4B39-8112-A013589E5A50}.task1|Any CPU.ActiveCfg = Release|x86
		{05AE3D27-6024-4B39-8112-A013589E5A50}.task1|Mixed Platforms.ActiveCfg = Release|x86
		{05AE3D27-6024-4B39-8112-A013589E5A50}.task1|Mixed Platforms.Build.0 = Release|x86
		{05AE3D27-6024-4B39-8112-A013589E5A50}.task1|x86.ActiveCfg = Release|x86
		{05AE3D27-6024-4B39-8112-A013589E5A50}.task1|x86.Build.0 = Release|x86
		{05AE3D27-6024-4B39-8112-A013589E5A50}.task2|Any CPU.ActiveCfg = Release|x86
		{05AE3D27-6024-4B39-8112-A013589E5A50}.task2|Mixed Platforms.ActiveCfg = Release|x86
		{05AE3D27-6024-4B39-8112-A013589E5A50}.task2|Mixed Platforms.Build.0 = Release|x86
		{05AE3D27-6024-4B39-8112-A013589E5A50}.task2|x86.ActiveCfg = Release|x86
		{05AE3D27-6024-4B39-8112-A013589E5A50}.task2|x86.Build.0 = Release|x86
		{05AE3D27-6024-4B39-8112-A013589E5A50}.task3|Any CPU.ActiveCfg = Release|x86
		{05AE3D27-6024-4B39-8112-A013589E5A50}.task3|Mixed Platforms.ActiveCfg = Release|x86
		{05AE3D27-6024-4B39-8112-A013589E5A50}.task3|Mixed Platforms.Build.0 = Release|x86
		{05AE3D27-6024-4B39-8112-A013589E5A50}.task3|x86.ActiveCfg = Release|x86
		{05AE3D27-6024-4B39-8112-A013589E5A50}.task3|x86.Build.0 = Release|x86
		{05AE3D27-6024-4B39-8112-A013589E5A50}.task4|Any CPU.ActiveCfg = Release|x86
		{05AE3D27-6024-4B39-8112-A013589E5A50}.task4|Mixed Platforms.ActiveCfg = Release|x86
		{05AE3D27-6024-4B39-8112-A013589E5A50}.task4|Mixed Platforms.Build.0 = Release|x86
		{05AE3D27-6024-4B39-8112-A013589E5A50}.task4|x86.ActiveCfg = Release|x86
		{05AE3D27-6024-4B39-8112-A013589E5A50}.task4|x86.Build.0 = Release|x86
		{05AE3D27-6024-4B39-8112-A013589E5A50}.task5|Any CPU.ActiveCfg = Release|x86
		{05AE3D27-6024-4B39-8112-A013589E5A50}.task5|Mixed Platforms.ActiveCfg = Release|x86
		{05AE3D27-6024-4B39-8112-A013589E5A50}.task5|Mixed Platforms.Build.0 = Release|x86
		{05AE3D27-6024-4B39-8112-A013589E5A50}.task5|x86.ActiveCfg = Release|x86
		{05AE3D27-6024-4B39-8112-A013589E5A50}.task5|x86.Build.0 = Release|x86
	EndGlobalSection
	GlobalSection(SolutionProperties) = preSolution
		HideSolutionNode = FALSE
	EndGlobalSection
EndGlobal
